// !$*UTF8*$!
{
	archiveVersion = 1;
	classes = {
	};
	objectVersion = 51;
	objects = {

/* Begin PBXBuildFile section */
		1953684D948A36F26D1EF654 /* Pods_SCVideo_SCVideoUITests.framework in Frameworks */ = {isa = PBXBuildFile; fileRef = 4E054E39AC7D1244EEF14261 /* Pods_SCVideo_SCVideoUITests.framework */; };
		1BCE049F72991AE7A0BE8F9B /* CommonExtensions.swift in Sources */ = {isa = PBXBuildFile; fileRef = 1BCE007066848E27210E8034 /* CommonExtensions.swift */; };
		1BCE0C6615D23387560DB363 /* CommentsLogic.swift in Sources */ = {isa = PBXBuildFile; fileRef = 1BCE07C1B8BF1B61A28BE6BD /* CommentsLogic.swift */; };
		2701A19829AB4D4800FEA390 /* PostNode.swift in Sources */ = {isa = PBXBuildFile; fileRef = 2701A19729AB4D4800FEA390 /* PostNode.swift */; };
		2701A1A029AB547500FEA390 /* FeedViewController.swift in Sources */ = {isa = PBXBuildFile; fileRef = 2701A19F29AB547500FEA390 /* FeedViewController.swift */; };
		2701A1A629AB5E6E00FEA390 /* GradientNode.m in Sources */ = {isa = PBXBuildFile; fileRef = 2701A1A529AB5E6E00FEA390 /* GradientNode.m */; };
		2701A1B329AB5F5900FEA390 /* PostDetails.swift in Sources */ = {isa = PBXBuildFile; fileRef = 2701A1AE29AB5F5900FEA390 /* PostDetails.swift */; };
		2701A1B529AB5F5900FEA390 /* PostDetails.xib in Resources */ = {isa = PBXBuildFile; fileRef = 2701A1B029AB5F5900FEA390 /* PostDetails.xib */; };
		2701A1BF29AB5F9D00FEA390 /* PostControlsView.swift in Sources */ = {isa = PBXBuildFile; fileRef = 2701A1BE29AB5F9D00FEA390 /* PostControlsView.swift */; };
		2710580D2927F8C20002F66E /* UserLogic.swift in Sources */ = {isa = PBXBuildFile; fileRef = 2710580C2927F8C20002F66E /* UserLogic.swift */; };
		27160A2D28E57860008739C3 /* AppDelegate.swift in Sources */ = {isa = PBXBuildFile; fileRef = 27160A2C28E57860008739C3 /* AppDelegate.swift */; };
		27160A2F28E57860008739C3 /* SceneDelegate.swift in Sources */ = {isa = PBXBuildFile; fileRef = 27160A2E28E57860008739C3 /* SceneDelegate.swift */; };
		27160A3628E57862008739C3 /* Assets.xcassets in Resources */ = {isa = PBXBuildFile; fileRef = 27160A3528E57862008739C3 /* Assets.xcassets */; };
		27160A3928E57862008739C3 /* LaunchScreen.storyboard in Resources */ = {isa = PBXBuildFile; fileRef = 27160A3728E57862008739C3 /* LaunchScreen.storyboard */; };
		27160A4428E57862008739C3 /* SavinjskaVideoTests.swift in Sources */ = {isa = PBXBuildFile; fileRef = 27160A4328E57862008739C3 /* SavinjskaVideoTests.swift */; };
		27160A4F28E57862008739C3 /* SavinjskaVideoUITests.swift in Sources */ = {isa = PBXBuildFile; fileRef = 27160A4E28E57862008739C3 /* SavinjskaVideoUITests.swift */; };
		27160A6B28E57942008739C3 /* Main.storyboard in Resources */ = {isa = PBXBuildFile; fileRef = 27160A6A28E57942008739C3 /* Main.storyboard */; };
		27160A7028E5797F008739C3 /* LoginController.swift in Sources */ = {isa = PBXBuildFile; fileRef = 27160A6F28E5797F008739C3 /* LoginController.swift */; };
		27160A8F28E5B17D008739C3 /* RegisterController.swift in Sources */ = {isa = PBXBuildFile; fileRef = 27160A8E28E5B17D008739C3 /* RegisterController.swift */; };
		271CAAD229B67C3D00BA9242 /* MainSwipeNavigationViewController.swift in Sources */ = {isa = PBXBuildFile; fileRef = 271CAAD129B67C3D00BA9242 /* MainSwipeNavigationViewController.swift */; };
		271CAAD729B67C8400BA9242 /* EZSwipeController.swift in Sources */ = {isa = PBXBuildFile; fileRef = 271CAAD629B67C8400BA9242 /* EZSwipeController.swift */; };
		271DAF75290AFE5900E7346B /* PostCell.swift in Sources */ = {isa = PBXBuildFile; fileRef = 271DAF73290AFE5900E7346B /* PostCell.swift */; };
		271DAF76290AFE5900E7346B /* PostCell.xib in Resources */ = {isa = PBXBuildFile; fileRef = 271DAF74290AFE5900E7346B /* PostCell.xib */; };
		271DAF82290C742300E7346B /* CommentCell.swift in Sources */ = {isa = PBXBuildFile; fileRef = 271DAF80290C742300E7346B /* CommentCell.swift */; };
		271DAF83290C742300E7346B /* CommentCell.xib in Resources */ = {isa = PBXBuildFile; fileRef = 271DAF81290C742300E7346B /* CommentCell.xib */; };
		271DAFAF290D0BBF00E7346B /* CommentsViewController.swift in Sources */ = {isa = PBXBuildFile; fileRef = 271DAFAE290D0BBF00E7346B /* CommentsViewController.swift */; };
		272521B029ABC0AB00219572 /* PostControls.xib in Resources */ = {isa = PBXBuildFile; fileRef = 2701A1C329AB602E00FEA390 /* PostControls.xib */; };
		2728656C29C99409002F747A /* Settings.bundle in Resources */ = {isa = PBXBuildFile; fileRef = 2728656B29C99409002F747A /* Settings.bundle */; };
		2728657129C994B1002F747A /* SettingsHelper.swift in Sources */ = {isa = PBXBuildFile; fileRef = 2728657029C994B1002F747A /* SettingsHelper.swift */; };
		272F0F4E28F69FB800D6A943 /* DataModels.swift in Sources */ = {isa = PBXBuildFile; fileRef = 272F0F4D28F69FB800D6A943 /* DataModels.swift */; };
		272F0F5928F6A0A300D6A943 /* LoginLogic.swift in Sources */ = {isa = PBXBuildFile; fileRef = 272F0F5828F6A0A300D6A943 /* LoginLogic.swift */; };
		274092AD29CE263E00B4800F /* AuthManager.swift in Sources */ = {isa = PBXBuildFile; fileRef = 274092AC29CE263E00B4800F /* AuthManager.swift */; };
		27673F1329D18E50009DB796 /* MSALHelper.swift in Sources */ = {isa = PBXBuildFile; fileRef = 27673F1229D18E50009DB796 /* MSALHelper.swift */; };
		276B382429AA9519005F51E7 /* VideoCompositionWriter.swift in Sources */ = {isa = PBXBuildFile; fileRef = 276B382329AA9519005F51E7 /* VideoCompositionWriter.swift */; };
		276EB4AF290FB1E200CB6C77 /* MyAccountViewController.swift in Sources */ = {isa = PBXBuildFile; fileRef = 276EB4AE290FB1E200CB6C77 /* MyAccountViewController.swift */; };
		276EB4B4290FB20100CB6C77 /* UserProfileViewController.swift in Sources */ = {isa = PBXBuildFile; fileRef = 276EB4B3290FB20100CB6C77 /* UserProfileViewController.swift */; };
		276EB4DD291039CA00CB6C77 /* UserCell.swift in Sources */ = {isa = PBXBuildFile; fileRef = 276EB4DB291039CA00CB6C77 /* UserCell.swift */; };
		276EB4DE291039CA00CB6C77 /* UserCell.xib in Resources */ = {isa = PBXBuildFile; fileRef = 276EB4DC291039CA00CB6C77 /* UserCell.xib */; };
		27750DA1290822D7005FA599 /* UploadViewController.swift in Sources */ = {isa = PBXBuildFile; fileRef = 27750DA0290822D7005FA599 /* UploadViewController.swift */; };
		27750DA6290822DD005FA599 /* FriendsViewController.swift in Sources */ = {isa = PBXBuildFile; fileRef = 27750DA5290822DD005FA599 /* FriendsViewController.swift */; };
		27750DC6290A9DEF005FA599 /* FeedLogic.swift in Sources */ = {isa = PBXBuildFile; fileRef = 27750DC5290A9DEE005FA599 /* FeedLogic.swift */; };
		2778006129CCF06C00BC8ACD /* KeychainHelper.swift in Sources */ = {isa = PBXBuildFile; fileRef = 2778006029CCF06C00BC8ACD /* KeychainHelper.swift */; };
		2789E79429B91C04004004DF /* PostProtocols.swift in Sources */ = {isa = PBXBuildFile; fileRef = 2789E79329B91C04004004DF /* PostProtocols.swift */; };
		27A6150229114CCB0017FC87 /* RecordViewController.swift in Sources */ = {isa = PBXBuildFile; fileRef = 27A6150129114CCB0017FC87 /* RecordViewController.swift */; };
		27A61507291159BA0017FC87 /* PostLogic.swift in Sources */ = {isa = PBXBuildFile; fileRef = 27A61506291159BA0017FC87 /* PostLogic.swift */; };
		27A6150E2913079C0017FC87 /* WarningAlert.swift in Sources */ = {isa = PBXBuildFile; fileRef = 27A6150C2913079B0017FC87 /* WarningAlert.swift */; };
		27A6150F2913079C0017FC87 /* WarningAlert.xib in Resources */ = {isa = PBXBuildFile; fileRef = 27A6150D2913079B0017FC87 /* WarningAlert.xib */; };
		27BBA0AB29A6A150004CB7BD /* VarelaRound-Regular.ttf in Resources */ = {isa = PBXBuildFile; fileRef = 27BBA0AA29A6A150004CB7BD /* VarelaRound-Regular.ttf */; };
		27BBA0BD29A6A17E004CB7BD /* NunitoSans-ExtraBold.ttf in Resources */ = {isa = PBXBuildFile; fileRef = 27BBA0AF29A6A17D004CB7BD /* NunitoSans-ExtraBold.ttf */; };
		27BBA0BE29A6A17E004CB7BD /* NunitoSans-ExtraLightItalic.ttf in Resources */ = {isa = PBXBuildFile; fileRef = 27BBA0B029A6A17D004CB7BD /* NunitoSans-ExtraLightItalic.ttf */; };
		27BBA0BF29A6A17E004CB7BD /* NunitoSans-Black.ttf in Resources */ = {isa = PBXBuildFile; fileRef = 27BBA0B129A6A17D004CB7BD /* NunitoSans-Black.ttf */; };
		27BBA0C029A6A17E004CB7BD /* NunitoSans-Light.ttf in Resources */ = {isa = PBXBuildFile; fileRef = 27BBA0B229A6A17E004CB7BD /* NunitoSans-Light.ttf */; };
		27BBA0C129A6A17E004CB7BD /* NunitoSans-SemiBoldItalic.ttf in Resources */ = {isa = PBXBuildFile; fileRef = 27BBA0B329A6A17E004CB7BD /* NunitoSans-SemiBoldItalic.ttf */; };
		27BBA0C229A6A17E004CB7BD /* NunitoSans-Bold.ttf in Resources */ = {isa = PBXBuildFile; fileRef = 27BBA0B429A6A17E004CB7BD /* NunitoSans-Bold.ttf */; };
		27BBA0C329A6A17E004CB7BD /* NunitoSans-BlackItalic.ttf in Resources */ = {isa = PBXBuildFile; fileRef = 27BBA0B529A6A17E004CB7BD /* NunitoSans-BlackItalic.ttf */; };
		27BBA0C429A6A17E004CB7BD /* NunitoSans-Regular.ttf in Resources */ = {isa = PBXBuildFile; fileRef = 27BBA0B629A6A17E004CB7BD /* NunitoSans-Regular.ttf */; };
		27BBA0C529A6A17E004CB7BD /* NunitoSans-LightItalic.ttf in Resources */ = {isa = PBXBuildFile; fileRef = 27BBA0B729A6A17E004CB7BD /* NunitoSans-LightItalic.ttf */; };
		27BBA0C629A6A17E004CB7BD /* NunitoSans-BoldItalic.ttf in Resources */ = {isa = PBXBuildFile; fileRef = 27BBA0B829A6A17E004CB7BD /* NunitoSans-BoldItalic.ttf */; };
		27BBA0C729A6A17E004CB7BD /* NunitoSans-ExtraBoldItalic.ttf in Resources */ = {isa = PBXBuildFile; fileRef = 27BBA0B929A6A17E004CB7BD /* NunitoSans-ExtraBoldItalic.ttf */; };
		27BBA0C829A6A17E004CB7BD /* NunitoSans-SemiBold.ttf in Resources */ = {isa = PBXBuildFile; fileRef = 27BBA0BA29A6A17E004CB7BD /* NunitoSans-SemiBold.ttf */; };
		27BBA0C929A6A17E004CB7BD /* NunitoSans-ExtraLight.ttf in Resources */ = {isa = PBXBuildFile; fileRef = 27BBA0BB29A6A17E004CB7BD /* NunitoSans-ExtraLight.ttf */; };
		27BBA0CA29A6A17E004CB7BD /* NunitoSans-Italic.ttf in Resources */ = {isa = PBXBuildFile; fileRef = 27BBA0BC29A6A17E004CB7BD /* NunitoSans-Italic.ttf */; };
		27BDB1FD2904643B0034E1CD /* RegistrationLogic.swift in Sources */ = {isa = PBXBuildFile; fileRef = 27BDB1FC2904643B0034E1CD /* RegistrationLogic.swift */; };
		27C79C2F29103E72006FDBC3 /* FriendsLogic.swift in Sources */ = {isa = PBXBuildFile; fileRef = 27C79C2E29103E72006FDBC3 /* FriendsLogic.swift */; };
		5E7D8825544BDFEDE9357093 /* Pods_SCVideoTests.framework in Frameworks */ = {isa = PBXBuildFile; fileRef = 9F02BBFEE829B41B4E40B61F /* Pods_SCVideoTests.framework */; };
		F274DE2339A81D2C93066435 /* Pods_SCVideo.framework in Frameworks */ = {isa = PBXBuildFile; fileRef = 081C4F1C21E37384C582B8D1 /* Pods_SCVideo.framework */; };
/* End PBXBuildFile section */

/* Begin PBXContainerItemProxy section */
		27160A4028E57862008739C3 /* PBXContainerItemProxy */ = {
			isa = PBXContainerItemProxy;
			containerPortal = 27160A2128E57860008739C3 /* Project object */;
			proxyType = 1;
			remoteGlobalIDString = 27160A2828E57860008739C3;
			remoteInfo = SavinjskaVideo;
		};
		27160A4B28E57862008739C3 /* PBXContainerItemProxy */ = {
			isa = PBXContainerItemProxy;
			containerPortal = 27160A2128E57860008739C3 /* Project object */;
			proxyType = 1;
			remoteGlobalIDString = 27160A2828E57860008739C3;
			remoteInfo = SavinjskaVideo;
		};
/* End PBXContainerItemProxy section */

/* Begin PBXFileReference section */
		063B2C28337D2B208087EF5B /* Pods-SCVideo-SCVideoUITests.debug.xcconfig */ = {isa = PBXFileReference; includeInIndex = 1; lastKnownFileType = text.xcconfig; name = "Pods-SCVideo-SCVideoUITests.debug.xcconfig"; path = "Target Support Files/Pods-SCVideo-SCVideoUITests/Pods-SCVideo-SCVideoUITests.debug.xcconfig"; sourceTree = "<group>"; };
		081C4F1C21E37384C582B8D1 /* Pods_SCVideo.framework */ = {isa = PBXFileReference; explicitFileType = wrapper.framework; includeInIndex = 0; path = Pods_SCVideo.framework; sourceTree = BUILT_PRODUCTS_DIR; };
		1BCE007066848E27210E8034 /* CommonExtensions.swift */ = {isa = PBXFileReference; fileEncoding = 4; lastKnownFileType = sourcecode.swift; path = CommonExtensions.swift; sourceTree = "<group>"; };
		1BCE07C1B8BF1B61A28BE6BD /* CommentsLogic.swift */ = {isa = PBXFileReference; fileEncoding = 4; lastKnownFileType = sourcecode.swift; path = CommentsLogic.swift; sourceTree = "<group>"; };
		26D066E3E72BEECB68158CF6 /* Pods-SCVideo-SCVideoUITests.release.xcconfig */ = {isa = PBXFileReference; includeInIndex = 1; lastKnownFileType = text.xcconfig; name = "Pods-SCVideo-SCVideoUITests.release.xcconfig"; path = "Target Support Files/Pods-SCVideo-SCVideoUITests/Pods-SCVideo-SCVideoUITests.release.xcconfig"; sourceTree = "<group>"; };
		2701A19729AB4D4800FEA390 /* PostNode.swift */ = {isa = PBXFileReference; lastKnownFileType = sourcecode.swift; path = PostNode.swift; sourceTree = "<group>"; };
		2701A19F29AB547500FEA390 /* FeedViewController.swift */ = {isa = PBXFileReference; lastKnownFileType = sourcecode.swift; path = FeedViewController.swift; sourceTree = "<group>"; };
		2701A1A429AB5E6E00FEA390 /* SCVideo-Bridging-Header.h */ = {isa = PBXFileReference; lastKnownFileType = sourcecode.c.h; path = "SCVideo-Bridging-Header.h"; sourceTree = "<group>"; };
		2701A1A529AB5E6E00FEA390 /* GradientNode.m */ = {isa = PBXFileReference; lastKnownFileType = sourcecode.c.objc; path = GradientNode.m; sourceTree = "<group>"; };
		2701A1AA29AB5E7D00FEA390 /* GradientNode.h */ = {isa = PBXFileReference; lastKnownFileType = sourcecode.c.h; path = GradientNode.h; sourceTree = "<group>"; };
		2701A1AE29AB5F5900FEA390 /* PostDetails.swift */ = {isa = PBXFileReference; fileEncoding = 4; lastKnownFileType = sourcecode.swift; path = PostDetails.swift; sourceTree = "<group>"; };
		2701A1B029AB5F5900FEA390 /* PostDetails.xib */ = {isa = PBXFileReference; fileEncoding = 4; lastKnownFileType = file.xib; path = PostDetails.xib; sourceTree = "<group>"; };
		2701A1BE29AB5F9D00FEA390 /* PostControlsView.swift */ = {isa = PBXFileReference; lastKnownFileType = sourcecode.swift; path = PostControlsView.swift; sourceTree = "<group>"; };
		2701A1C329AB602E00FEA390 /* PostControls.xib */ = {isa = PBXFileReference; lastKnownFileType = file.xib; path = PostControls.xib; sourceTree = "<group>"; };
		2710580C2927F8C20002F66E /* UserLogic.swift */ = {isa = PBXFileReference; lastKnownFileType = sourcecode.swift; path = UserLogic.swift; sourceTree = "<group>"; };
		27160A2928E57860008739C3 /* SCVideo.app */ = {isa = PBXFileReference; explicitFileType = wrapper.application; includeInIndex = 0; path = SCVideo.app; sourceTree = BUILT_PRODUCTS_DIR; };
		27160A2C28E57860008739C3 /* AppDelegate.swift */ = {isa = PBXFileReference; lastKnownFileType = sourcecode.swift; path = AppDelegate.swift; sourceTree = "<group>"; };
		27160A2E28E57860008739C3 /* SceneDelegate.swift */ = {isa = PBXFileReference; lastKnownFileType = sourcecode.swift; path = SceneDelegate.swift; sourceTree = "<group>"; };
		27160A3528E57862008739C3 /* Assets.xcassets */ = {isa = PBXFileReference; lastKnownFileType = folder.assetcatalog; path = Assets.xcassets; sourceTree = "<group>"; };
		27160A3828E57862008739C3 /* Base */ = {isa = PBXFileReference; lastKnownFileType = file.storyboard; name = Base; path = Base.lproj/LaunchScreen.storyboard; sourceTree = "<group>"; };
		27160A3A28E57862008739C3 /* Info.plist */ = {isa = PBXFileReference; lastKnownFileType = text.plist.xml; path = Info.plist; sourceTree = "<group>"; };
		27160A3F28E57862008739C3 /* SCVideoTests.xctest */ = {isa = PBXFileReference; explicitFileType = wrapper.cfbundle; includeInIndex = 0; path = SCVideoTests.xctest; sourceTree = BUILT_PRODUCTS_DIR; };
		27160A4328E57862008739C3 /* SavinjskaVideoTests.swift */ = {isa = PBXFileReference; lastKnownFileType = sourcecode.swift; path = SavinjskaVideoTests.swift; sourceTree = "<group>"; };
		27160A4528E57862008739C3 /* Info.plist */ = {isa = PBXFileReference; lastKnownFileType = text.plist.xml; path = Info.plist; sourceTree = "<group>"; };
		27160A4A28E57862008739C3 /* SCVideoUITests.xctest */ = {isa = PBXFileReference; explicitFileType = wrapper.cfbundle; includeInIndex = 0; path = SCVideoUITests.xctest; sourceTree = BUILT_PRODUCTS_DIR; };
		27160A4E28E57862008739C3 /* SavinjskaVideoUITests.swift */ = {isa = PBXFileReference; lastKnownFileType = sourcecode.swift; path = SavinjskaVideoUITests.swift; sourceTree = "<group>"; };
		27160A5028E57862008739C3 /* Info.plist */ = {isa = PBXFileReference; lastKnownFileType = text.plist.xml; path = Info.plist; sourceTree = "<group>"; };
		27160A6A28E57942008739C3 /* Main.storyboard */ = {isa = PBXFileReference; lastKnownFileType = file.storyboard; path = Main.storyboard; sourceTree = "<group>"; };
		27160A6F28E5797F008739C3 /* LoginController.swift */ = {isa = PBXFileReference; lastKnownFileType = sourcecode.swift; path = LoginController.swift; sourceTree = "<group>"; };
		27160A8E28E5B17D008739C3 /* RegisterController.swift */ = {isa = PBXFileReference; lastKnownFileType = sourcecode.swift; path = RegisterController.swift; sourceTree = "<group>"; };
		271CAAD129B67C3D00BA9242 /* MainSwipeNavigationViewController.swift */ = {isa = PBXFileReference; lastKnownFileType = sourcecode.swift; path = MainSwipeNavigationViewController.swift; sourceTree = "<group>"; };
		271CAAD629B67C8400BA9242 /* EZSwipeController.swift */ = {isa = PBXFileReference; lastKnownFileType = sourcecode.swift; path = EZSwipeController.swift; sourceTree = "<group>"; };
		271DAF73290AFE5900E7346B /* PostCell.swift */ = {isa = PBXFileReference; lastKnownFileType = sourcecode.swift; path = PostCell.swift; sourceTree = "<group>"; };
		271DAF74290AFE5900E7346B /* PostCell.xib */ = {isa = PBXFileReference; lastKnownFileType = file.xib; path = PostCell.xib; sourceTree = "<group>"; };
		271DAF80290C742300E7346B /* CommentCell.swift */ = {isa = PBXFileReference; lastKnownFileType = sourcecode.swift; path = CommentCell.swift; sourceTree = "<group>"; };
		271DAF81290C742300E7346B /* CommentCell.xib */ = {isa = PBXFileReference; lastKnownFileType = file.xib; path = CommentCell.xib; sourceTree = "<group>"; };
		271DAFAE290D0BBF00E7346B /* CommentsViewController.swift */ = {isa = PBXFileReference; lastKnownFileType = sourcecode.swift; path = CommentsViewController.swift; sourceTree = "<group>"; };
		2728656B29C99409002F747A /* Settings.bundle */ = {isa = PBXFileReference; lastKnownFileType = "wrapper.plug-in"; path = Settings.bundle; sourceTree = "<group>"; };
		2728657029C994B1002F747A /* SettingsHelper.swift */ = {isa = PBXFileReference; lastKnownFileType = sourcecode.swift; path = SettingsHelper.swift; sourceTree = "<group>"; };
		272F0F4D28F69FB800D6A943 /* DataModels.swift */ = {isa = PBXFileReference; lastKnownFileType = sourcecode.swift; path = DataModels.swift; sourceTree = "<group>"; };
		272F0F5828F6A0A300D6A943 /* LoginLogic.swift */ = {isa = PBXFileReference; lastKnownFileType = sourcecode.swift; path = LoginLogic.swift; sourceTree = "<group>"; };
		274092AC29CE263E00B4800F /* AuthManager.swift */ = {isa = PBXFileReference; lastKnownFileType = sourcecode.swift; path = AuthManager.swift; sourceTree = "<group>"; };
		27673F1229D18E50009DB796 /* MSALHelper.swift */ = {isa = PBXFileReference; lastKnownFileType = sourcecode.swift; path = MSALHelper.swift; sourceTree = "<group>"; };
		27673F1729D19058009DB796 /* Keys.xcconfig */ = {isa = PBXFileReference; lastKnownFileType = text.xcconfig; path = Keys.xcconfig; sourceTree = "<group>"; };
		27673F1E29D19234009DB796 /* SCVideo.entitlements */ = {isa = PBXFileReference; lastKnownFileType = text.plist.entitlements; path = SCVideo.entitlements; sourceTree = "<group>"; };
		276B382329AA9519005F51E7 /* VideoCompositionWriter.swift */ = {isa = PBXFileReference; lastKnownFileType = sourcecode.swift; path = VideoCompositionWriter.swift; sourceTree = "<group>"; };
		276EB4AE290FB1E200CB6C77 /* MyAccountViewController.swift */ = {isa = PBXFileReference; lastKnownFileType = sourcecode.swift; path = MyAccountViewController.swift; sourceTree = "<group>"; };
		276EB4B3290FB20100CB6C77 /* UserProfileViewController.swift */ = {isa = PBXFileReference; lastKnownFileType = sourcecode.swift; path = UserProfileViewController.swift; sourceTree = "<group>"; };
		276EB4DB291039CA00CB6C77 /* UserCell.swift */ = {isa = PBXFileReference; lastKnownFileType = sourcecode.swift; path = UserCell.swift; sourceTree = "<group>"; };
		276EB4DC291039CA00CB6C77 /* UserCell.xib */ = {isa = PBXFileReference; lastKnownFileType = file.xib; path = UserCell.xib; sourceTree = "<group>"; };
		27750DA0290822D7005FA599 /* UploadViewController.swift */ = {isa = PBXFileReference; lastKnownFileType = sourcecode.swift; path = UploadViewController.swift; sourceTree = "<group>"; };
		27750DA5290822DD005FA599 /* FriendsViewController.swift */ = {isa = PBXFileReference; lastKnownFileType = sourcecode.swift; path = FriendsViewController.swift; sourceTree = "<group>"; };
		27750DC5290A9DEE005FA599 /* FeedLogic.swift */ = {isa = PBXFileReference; lastKnownFileType = sourcecode.swift; path = FeedLogic.swift; sourceTree = "<group>"; };
		2778006029CCF06C00BC8ACD /* KeychainHelper.swift */ = {isa = PBXFileReference; lastKnownFileType = sourcecode.swift; path = KeychainHelper.swift; sourceTree = "<group>"; };
		2789E79329B91C04004004DF /* PostProtocols.swift */ = {isa = PBXFileReference; lastKnownFileType = sourcecode.swift; path = PostProtocols.swift; sourceTree = "<group>"; };
		27A6150129114CCB0017FC87 /* RecordViewController.swift */ = {isa = PBXFileReference; lastKnownFileType = sourcecode.swift; path = RecordViewController.swift; sourceTree = "<group>"; };
		27A61506291159BA0017FC87 /* PostLogic.swift */ = {isa = PBXFileReference; lastKnownFileType = sourcecode.swift; path = PostLogic.swift; sourceTree = "<group>"; };
		27A6150C2913079B0017FC87 /* WarningAlert.swift */ = {isa = PBXFileReference; lastKnownFileType = sourcecode.swift; path = WarningAlert.swift; sourceTree = "<group>"; };
		27A6150D2913079B0017FC87 /* WarningAlert.xib */ = {isa = PBXFileReference; lastKnownFileType = file.xib; path = WarningAlert.xib; sourceTree = "<group>"; };
		27BBA0AA29A6A150004CB7BD /* VarelaRound-Regular.ttf */ = {isa = PBXFileReference; lastKnownFileType = file; path = "VarelaRound-Regular.ttf"; sourceTree = "<group>"; };
		27BBA0AF29A6A17D004CB7BD /* NunitoSans-ExtraBold.ttf */ = {isa = PBXFileReference; lastKnownFileType = file; path = "NunitoSans-ExtraBold.ttf"; sourceTree = "<group>"; };
		27BBA0B029A6A17D004CB7BD /* NunitoSans-ExtraLightItalic.ttf */ = {isa = PBXFileReference; lastKnownFileType = file; path = "NunitoSans-ExtraLightItalic.ttf"; sourceTree = "<group>"; };
		27BBA0B129A6A17D004CB7BD /* NunitoSans-Black.ttf */ = {isa = PBXFileReference; lastKnownFileType = file; path = "NunitoSans-Black.ttf"; sourceTree = "<group>"; };
		27BBA0B229A6A17E004CB7BD /* NunitoSans-Light.ttf */ = {isa = PBXFileReference; lastKnownFileType = file; path = "NunitoSans-Light.ttf"; sourceTree = "<group>"; };
		27BBA0B329A6A17E004CB7BD /* NunitoSans-SemiBoldItalic.ttf */ = {isa = PBXFileReference; lastKnownFileType = file; path = "NunitoSans-SemiBoldItalic.ttf"; sourceTree = "<group>"; };
		27BBA0B429A6A17E004CB7BD /* NunitoSans-Bold.ttf */ = {isa = PBXFileReference; lastKnownFileType = file; path = "NunitoSans-Bold.ttf"; sourceTree = "<group>"; };
		27BBA0B529A6A17E004CB7BD /* NunitoSans-BlackItalic.ttf */ = {isa = PBXFileReference; lastKnownFileType = file; path = "NunitoSans-BlackItalic.ttf"; sourceTree = "<group>"; };
		27BBA0B629A6A17E004CB7BD /* NunitoSans-Regular.ttf */ = {isa = PBXFileReference; lastKnownFileType = file; path = "NunitoSans-Regular.ttf"; sourceTree = "<group>"; };
		27BBA0B729A6A17E004CB7BD /* NunitoSans-LightItalic.ttf */ = {isa = PBXFileReference; lastKnownFileType = file; path = "NunitoSans-LightItalic.ttf"; sourceTree = "<group>"; };
		27BBA0B829A6A17E004CB7BD /* NunitoSans-BoldItalic.ttf */ = {isa = PBXFileReference; lastKnownFileType = file; path = "NunitoSans-BoldItalic.ttf"; sourceTree = "<group>"; };
		27BBA0B929A6A17E004CB7BD /* NunitoSans-ExtraBoldItalic.ttf */ = {isa = PBXFileReference; lastKnownFileType = file; path = "NunitoSans-ExtraBoldItalic.ttf"; sourceTree = "<group>"; };
		27BBA0BA29A6A17E004CB7BD /* NunitoSans-SemiBold.ttf */ = {isa = PBXFileReference; lastKnownFileType = file; path = "NunitoSans-SemiBold.ttf"; sourceTree = "<group>"; };
		27BBA0BB29A6A17E004CB7BD /* NunitoSans-ExtraLight.ttf */ = {isa = PBXFileReference; lastKnownFileType = file; path = "NunitoSans-ExtraLight.ttf"; sourceTree = "<group>"; };
		27BBA0BC29A6A17E004CB7BD /* NunitoSans-Italic.ttf */ = {isa = PBXFileReference; lastKnownFileType = file; path = "NunitoSans-Italic.ttf"; sourceTree = "<group>"; };
		27BDB1FC2904643B0034E1CD /* RegistrationLogic.swift */ = {isa = PBXFileReference; lastKnownFileType = sourcecode.swift; path = RegistrationLogic.swift; sourceTree = "<group>"; };
		27C79C2E29103E72006FDBC3 /* FriendsLogic.swift */ = {isa = PBXFileReference; lastKnownFileType = sourcecode.swift; path = FriendsLogic.swift; sourceTree = "<group>"; };
		2B15168AFCF9F212A2B7DCF4 /* Pods-SavinjskaVideo.debug.xcconfig */ = {isa = PBXFileReference; includeInIndex = 1; lastKnownFileType = text.xcconfig; name = "Pods-SavinjskaVideo.debug.xcconfig"; path = "Target Support Files/Pods-SavinjskaVideo/Pods-SavinjskaVideo.debug.xcconfig"; sourceTree = "<group>"; };
		4E054E39AC7D1244EEF14261 /* Pods_SCVideo_SCVideoUITests.framework */ = {isa = PBXFileReference; explicitFileType = wrapper.framework; includeInIndex = 0; path = Pods_SCVideo_SCVideoUITests.framework; sourceTree = BUILT_PRODUCTS_DIR; };
		88956E39D9F688B6DE7B00AD /* Pods-SavinjskaVideo-SavinjskaVideoUITests.debug.xcconfig */ = {isa = PBXFileReference; includeInIndex = 1; lastKnownFileType = text.xcconfig; name = "Pods-SavinjskaVideo-SavinjskaVideoUITests.debug.xcconfig"; path = "Target Support Files/Pods-SavinjskaVideo-SavinjskaVideoUITests/Pods-SavinjskaVideo-SavinjskaVideoUITests.debug.xcconfig"; sourceTree = "<group>"; };
		9F02BBFEE829B41B4E40B61F /* Pods_SCVideoTests.framework */ = {isa = PBXFileReference; explicitFileType = wrapper.framework; includeInIndex = 0; path = Pods_SCVideoTests.framework; sourceTree = BUILT_PRODUCTS_DIR; };
		9FC2A3CED1F4BC76052881F3 /* Pods-SavinjskaVideoTests.release.xcconfig */ = {isa = PBXFileReference; includeInIndex = 1; lastKnownFileType = text.xcconfig; name = "Pods-SavinjskaVideoTests.release.xcconfig"; path = "Target Support Files/Pods-SavinjskaVideoTests/Pods-SavinjskaVideoTests.release.xcconfig"; sourceTree = "<group>"; };
		ADF8E4DFFB3F540A16E6C1CA /* Pods-SCVideoTests.debug.xcconfig */ = {isa = PBXFileReference; includeInIndex = 1; lastKnownFileType = text.xcconfig; name = "Pods-SCVideoTests.debug.xcconfig"; path = "Target Support Files/Pods-SCVideoTests/Pods-SCVideoTests.debug.xcconfig"; sourceTree = "<group>"; };
		C7AE4971B799DC72E9F52FE2 /* Pods-SavinjskaVideo-SavinjskaVideoUITests.release.xcconfig */ = {isa = PBXFileReference; includeInIndex = 1; lastKnownFileType = text.xcconfig; name = "Pods-SavinjskaVideo-SavinjskaVideoUITests.release.xcconfig"; path = "Target Support Files/Pods-SavinjskaVideo-SavinjskaVideoUITests/Pods-SavinjskaVideo-SavinjskaVideoUITests.release.xcconfig"; sourceTree = "<group>"; };
		C9C209341ECFF7F4DAC2B808 /* Pods-SCVideoTests.release.xcconfig */ = {isa = PBXFileReference; includeInIndex = 1; lastKnownFileType = text.xcconfig; name = "Pods-SCVideoTests.release.xcconfig"; path = "Target Support Files/Pods-SCVideoTests/Pods-SCVideoTests.release.xcconfig"; sourceTree = "<group>"; };
		D824D3D7976B044BB3B38BA8 /* Pods-SCVideo.release.xcconfig */ = {isa = PBXFileReference; includeInIndex = 1; lastKnownFileType = text.xcconfig; name = "Pods-SCVideo.release.xcconfig"; path = "Target Support Files/Pods-SCVideo/Pods-SCVideo.release.xcconfig"; sourceTree = "<group>"; };
		E06B14E7D3AE924A60F1C62D /* Pods-SCVideo.debug.xcconfig */ = {isa = PBXFileReference; includeInIndex = 1; lastKnownFileType = text.xcconfig; name = "Pods-SCVideo.debug.xcconfig"; path = "Target Support Files/Pods-SCVideo/Pods-SCVideo.debug.xcconfig"; sourceTree = "<group>"; };
		E0EAF442A21E1E1907B36017 /* Pods-SavinjskaVideoTests.debug.xcconfig */ = {isa = PBXFileReference; includeInIndex = 1; lastKnownFileType = text.xcconfig; name = "Pods-SavinjskaVideoTests.debug.xcconfig"; path = "Target Support Files/Pods-SavinjskaVideoTests/Pods-SavinjskaVideoTests.debug.xcconfig"; sourceTree = "<group>"; };
		F099CF276D4896DCCD295F52 /* Pods-SavinjskaVideo.release.xcconfig */ = {isa = PBXFileReference; includeInIndex = 1; lastKnownFileType = text.xcconfig; name = "Pods-SavinjskaVideo.release.xcconfig"; path = "Target Support Files/Pods-SavinjskaVideo/Pods-SavinjskaVideo.release.xcconfig"; sourceTree = "<group>"; };
/* End PBXFileReference section */

/* Begin PBXFrameworksBuildPhase section */
		27160A2628E57860008739C3 /* Frameworks */ = {
			isa = PBXFrameworksBuildPhase;
			buildActionMask = 2147483647;
			files = (
				F274DE2339A81D2C93066435 /* Pods_SCVideo.framework in Frameworks */,
			);
			runOnlyForDeploymentPostprocessing = 0;
		};
		27160A3C28E57862008739C3 /* Frameworks */ = {
			isa = PBXFrameworksBuildPhase;
			buildActionMask = 2147483647;
			files = (
				5E7D8825544BDFEDE9357093 /* Pods_SCVideoTests.framework in Frameworks */,
			);
			runOnlyForDeploymentPostprocessing = 0;
		};
		27160A4728E57862008739C3 /* Frameworks */ = {
			isa = PBXFrameworksBuildPhase;
			buildActionMask = 2147483647;
			files = (
				1953684D948A36F26D1EF654 /* Pods_SCVideo_SCVideoUITests.framework in Frameworks */,
			);
			runOnlyForDeploymentPostprocessing = 0;
		};
/* End PBXFrameworksBuildPhase section */

/* Begin PBXGroup section */
		1BCE0CE57A30C13CF02F4E11 /* Utils */ = {
			isa = PBXGroup;
			children = (
				1BCE007066848E27210E8034 /* CommonExtensions.swift */,
			);
			path = Utils;
			sourceTree = "<group>";
		};
		2701A19629AB4D3600FEA390 /* Video Feed */ = {
			isa = PBXGroup;
			children = (
				2701A1C329AB602E00FEA390 /* PostControls.xib */,
				2701A1B029AB5F5900FEA390 /* PostDetails.xib */,
			);
			path = "Video Feed";
			sourceTree = "<group>";
		};
		2701A1CA29AB616F00FEA390 /* Video Feed */ = {
			isa = PBXGroup;
			children = (
				2701A1AE29AB5F5900FEA390 /* PostDetails.swift */,
				2701A19729AB4D4800FEA390 /* PostNode.swift */,
				2701A1BE29AB5F9D00FEA390 /* PostControlsView.swift */,
				2789E79329B91C04004004DF /* PostProtocols.swift */,
			);
			path = "Video Feed";
			sourceTree = "<group>";
		};
		27160A2028E57860008739C3 = {
			isa = PBXGroup;
			children = (
				27673F1729D19058009DB796 /* Keys.xcconfig */,
				27160A2B28E57860008739C3 /* SCVideo */,
				27160A4228E57862008739C3 /* SCVideoTests */,
				27160A4D28E57862008739C3 /* SCVideoUITests */,
				27160A2A28E57860008739C3 /* Products */,
				52080815B0C1D87C93B269C0 /* Pods */,
				E8F339F33CDB00007639699B /* Frameworks */,
			);
			sourceTree = "<group>";
		};
		27160A2A28E57860008739C3 /* Products */ = {
			isa = PBXGroup;
			children = (
				27160A2928E57860008739C3 /* SCVideo.app */,
				27160A3F28E57862008739C3 /* SCVideoTests.xctest */,
				27160A4A28E57862008739C3 /* SCVideoUITests.xctest */,
			);
			name = Products;
			sourceTree = "<group>";
		};
		27160A2B28E57860008739C3 /* SCVideo */ = {
			isa = PBXGroup;
			children = (
				27673F1E29D19234009DB796 /* SCVideo.entitlements */,
				276B382229AA950B005F51E7 /* Utilities */,
				27160A7428E57F2D008739C3 /* Fonts */,
				27160A2C28E57860008739C3 /* AppDelegate.swift */,
				27160A2E28E57860008739C3 /* SceneDelegate.swift */,
				27160A3528E57862008739C3 /* Assets.xcassets */,
				272F0F4C28F69F9E00D6A943 /* Logic */,
				27160AA528E789B1008739C3 /* View */,
				27160AA628E789C7008739C3 /* Controller */,
				27160A3A28E57862008739C3 /* Info.plist */,
				2728656B29C99409002F747A /* Settings.bundle */,
			);
			path = SCVideo;
			sourceTree = "<group>";
		};
		27160A4228E57862008739C3 /* SCVideoTests */ = {
			isa = PBXGroup;
			children = (
				27160A4328E57862008739C3 /* SavinjskaVideoTests.swift */,
				27160A4528E57862008739C3 /* Info.plist */,
			);
			path = SCVideoTests;
			sourceTree = "<group>";
		};
		27160A4D28E57862008739C3 /* SCVideoUITests */ = {
			isa = PBXGroup;
			children = (
				27160A4E28E57862008739C3 /* SavinjskaVideoUITests.swift */,
				27160A5028E57862008739C3 /* Info.plist */,
			);
			path = SCVideoUITests;
			sourceTree = "<group>";
		};
		27160A7428E57F2D008739C3 /* Fonts */ = {
			isa = PBXGroup;
			children = (
				27BBA0B129A6A17D004CB7BD /* NunitoSans-Black.ttf */,
				27BBA0B529A6A17E004CB7BD /* NunitoSans-BlackItalic.ttf */,
				27BBA0B429A6A17E004CB7BD /* NunitoSans-Bold.ttf */,
				27BBA0B829A6A17E004CB7BD /* NunitoSans-BoldItalic.ttf */,
				27BBA0AF29A6A17D004CB7BD /* NunitoSans-ExtraBold.ttf */,
				27BBA0B929A6A17E004CB7BD /* NunitoSans-ExtraBoldItalic.ttf */,
				27BBA0BB29A6A17E004CB7BD /* NunitoSans-ExtraLight.ttf */,
				27BBA0B029A6A17D004CB7BD /* NunitoSans-ExtraLightItalic.ttf */,
				27BBA0BC29A6A17E004CB7BD /* NunitoSans-Italic.ttf */,
				27BBA0B229A6A17E004CB7BD /* NunitoSans-Light.ttf */,
				27BBA0B729A6A17E004CB7BD /* NunitoSans-LightItalic.ttf */,
				27BBA0B629A6A17E004CB7BD /* NunitoSans-Regular.ttf */,
				27BBA0BA29A6A17E004CB7BD /* NunitoSans-SemiBold.ttf */,
				27BBA0B329A6A17E004CB7BD /* NunitoSans-SemiBoldItalic.ttf */,
				27BBA0AA29A6A150004CB7BD /* VarelaRound-Regular.ttf */,
			);
			path = Fonts;
			sourceTree = "<group>";
		};
		27160AA528E789B1008739C3 /* View */ = {
			isa = PBXGroup;
			children = (
				2701A19629AB4D3600FEA390 /* Video Feed */,
				27A6150B2913077E0017FC87 /* Alerts */,
				27160A3728E57862008739C3 /* LaunchScreen.storyboard */,
				27160A6A28E57942008739C3 /* Main.storyboard */,
				271DAFBF290D28D600E7346B /* Table Controls */,
			);
			path = View;
			sourceTree = "<group>";
		};
		27160AA628E789C7008739C3 /* Controller */ = {
			isa = PBXGroup;
			children = (
				2701A1CA29AB616F00FEA390 /* Video Feed */,
				27A61519291308260017FC87 /* Alerts */,
				1BCE0CE57A30C13CF02F4E11 /* Utils */,
				27160A6F28E5797F008739C3 /* LoginController.swift */,
				27160A8E28E5B17D008739C3 /* RegisterController.swift */,
				271DAFC0290D28EE00E7346B /* Main Navigation Division */,
				271DAFBE290D28C200E7346B /* Table Controls */,
			);
			path = Controller;
			sourceTree = "<group>";
		};
		271DAFBE290D28C200E7346B /* Table Controls */ = {
			isa = PBXGroup;
			children = (
				271DAF73290AFE5900E7346B /* PostCell.swift */,
				276EB4DB291039CA00CB6C77 /* UserCell.swift */,
				271DAF80290C742300E7346B /* CommentCell.swift */,
			);
			path = "Table Controls";
			sourceTree = "<group>";
		};
		271DAFBF290D28D600E7346B /* Table Controls */ = {
			isa = PBXGroup;
			children = (
				271DAF74290AFE5900E7346B /* PostCell.xib */,
				271DAF81290C742300E7346B /* CommentCell.xib */,
				276EB4DC291039CA00CB6C77 /* UserCell.xib */,
			);
			path = "Table Controls";
			sourceTree = "<group>";
		};
		271DAFC0290D28EE00E7346B /* Main Navigation Division */ = {
			isa = PBXGroup;
			children = (
				27750DA0290822D7005FA599 /* UploadViewController.swift */,
				27750DA5290822DD005FA599 /* FriendsViewController.swift */,
				276EB4AE290FB1E200CB6C77 /* MyAccountViewController.swift */,
				276EB4B3290FB20100CB6C77 /* UserProfileViewController.swift */,
				27A6150129114CCB0017FC87 /* RecordViewController.swift */,
				271DAFAE290D0BBF00E7346B /* CommentsViewController.swift */,
				2701A19F29AB547500FEA390 /* FeedViewController.swift */,
				271CAAD129B67C3D00BA9242 /* MainSwipeNavigationViewController.swift */,
			);
			path = "Main Navigation Division";
			sourceTree = "<group>";
		};
		271DAFCA290D291700E7346B /* Authentication */ = {
			isa = PBXGroup;
			children = (
				2778006029CCF06C00BC8ACD /* KeychainHelper.swift */,
				274092AC29CE263E00B4800F /* AuthManager.swift */,
				272F0F5828F6A0A300D6A943 /* LoginLogic.swift */,
				27BDB1FC2904643B0034E1CD /* RegistrationLogic.swift */,
				27673F1229D18E50009DB796 /* MSALHelper.swift */,
			);
			path = Authentication;
			sourceTree = "<group>";
		};
		272F0F4C28F69F9E00D6A943 /* Logic */ = {
			isa = PBXGroup;
			children = (
				272F0F4D28F69FB800D6A943 /* DataModels.swift */,
				271DAFCA290D291700E7346B /* Authentication */,
				27750DC5290A9DEE005FA599 /* FeedLogic.swift */,
				1BCE07C1B8BF1B61A28BE6BD /* CommentsLogic.swift */,
				27C79C2E29103E72006FDBC3 /* FriendsLogic.swift */,
				27A61506291159BA0017FC87 /* PostLogic.swift */,
				2710580C2927F8C20002F66E /* UserLogic.swift */,
			);
			path = Logic;
			sourceTree = "<group>";
		};
		276B382229AA950B005F51E7 /* Utilities */ = {
			isa = PBXGroup;
			children = (
				276B382329AA9519005F51E7 /* VideoCompositionWriter.swift */,
				2701A1A529AB5E6E00FEA390 /* GradientNode.m */,
				2701A1AA29AB5E7D00FEA390 /* GradientNode.h */,
				2701A1A429AB5E6E00FEA390 /* SCVideo-Bridging-Header.h */,
				271CAAD629B67C8400BA9242 /* EZSwipeController.swift */,
				2728657029C994B1002F747A /* SettingsHelper.swift */,
			);
			path = Utilities;
			sourceTree = "<group>";
		};
		27A6150B2913077E0017FC87 /* Alerts */ = {
			isa = PBXGroup;
			children = (
				27A6150D2913079B0017FC87 /* WarningAlert.xib */,
			);
			path = Alerts;
			sourceTree = "<group>";
		};
		27A61519291308260017FC87 /* Alerts */ = {
			isa = PBXGroup;
			children = (
				27A6150C2913079B0017FC87 /* WarningAlert.swift */,
			);
			path = Alerts;
			sourceTree = "<group>";
		};
		52080815B0C1D87C93B269C0 /* Pods */ = {
			isa = PBXGroup;
			children = (
				2B15168AFCF9F212A2B7DCF4 /* Pods-SavinjskaVideo.debug.xcconfig */,
				F099CF276D4896DCCD295F52 /* Pods-SavinjskaVideo.release.xcconfig */,
				88956E39D9F688B6DE7B00AD /* Pods-SavinjskaVideo-SavinjskaVideoUITests.debug.xcconfig */,
				C7AE4971B799DC72E9F52FE2 /* Pods-SavinjskaVideo-SavinjskaVideoUITests.release.xcconfig */,
				E0EAF442A21E1E1907B36017 /* Pods-SavinjskaVideoTests.debug.xcconfig */,
				9FC2A3CED1F4BC76052881F3 /* Pods-SavinjskaVideoTests.release.xcconfig */,
				E06B14E7D3AE924A60F1C62D /* Pods-SCVideo.debug.xcconfig */,
				D824D3D7976B044BB3B38BA8 /* Pods-SCVideo.release.xcconfig */,
				063B2C28337D2B208087EF5B /* Pods-SCVideo-SCVideoUITests.debug.xcconfig */,
				26D066E3E72BEECB68158CF6 /* Pods-SCVideo-SCVideoUITests.release.xcconfig */,
				ADF8E4DFFB3F540A16E6C1CA /* Pods-SCVideoTests.debug.xcconfig */,
				C9C209341ECFF7F4DAC2B808 /* Pods-SCVideoTests.release.xcconfig */,
			);
			path = Pods;
			sourceTree = "<group>";
		};
		E8F339F33CDB00007639699B /* Frameworks */ = {
			isa = PBXGroup;
			children = (
				081C4F1C21E37384C582B8D1 /* Pods_SCVideo.framework */,
				4E054E39AC7D1244EEF14261 /* Pods_SCVideo_SCVideoUITests.framework */,
				9F02BBFEE829B41B4E40B61F /* Pods_SCVideoTests.framework */,
			);
			name = Frameworks;
			sourceTree = "<group>";
		};
/* End PBXGroup section */

/* Begin PBXNativeTarget section */
		27160A2828E57860008739C3 /* SCVideo */ = {
			isa = PBXNativeTarget;
			buildConfigurationList = 27160A5328E57862008739C3 /* Build configuration list for PBXNativeTarget "SCVideo" */;
			buildPhases = (
				8D1B1381428157E0683795F9 /* [CP] Check Pods Manifest.lock */,
				27160A2528E57860008739C3 /* Sources */,
				27160A2628E57860008739C3 /* Frameworks */,
				27160A2728E57860008739C3 /* Resources */,
				BE2BDC37BC2797159C03A6CD /* [CP] Embed Pods Frameworks */,
			);
			buildRules = (
			);
			dependencies = (
			);
			name = SCVideo;
			productName = SavinjskaVideo;
			productReference = 27160A2928E57860008739C3 /* SCVideo.app */;
			productType = "com.apple.product-type.application";
		};
		27160A3E28E57862008739C3 /* SCVideoTests */ = {
			isa = PBXNativeTarget;
			buildConfigurationList = 27160A5628E57862008739C3 /* Build configuration list for PBXNativeTarget "SCVideoTests" */;
			buildPhases = (
				D56207113E75D3C2B1D4BE74 /* [CP] Check Pods Manifest.lock */,
				27160A3B28E57862008739C3 /* Sources */,
				27160A3C28E57862008739C3 /* Frameworks */,
				27160A3D28E57862008739C3 /* Resources */,
			);
			buildRules = (
			);
			dependencies = (
				27160A4128E57862008739C3 /* PBXTargetDependency */,
			);
			name = SCVideoTests;
			productName = SavinjskaVideoTests;
			productReference = 27160A3F28E57862008739C3 /* SCVideoTests.xctest */;
			productType = "com.apple.product-type.bundle.unit-test";
		};
		27160A4928E57862008739C3 /* SCVideoUITests */ = {
			isa = PBXNativeTarget;
			buildConfigurationList = 27160A5928E57862008739C3 /* Build configuration list for PBXNativeTarget "SCVideoUITests" */;
			buildPhases = (
				E510104C1F9DF1986874C66C /* [CP] Check Pods Manifest.lock */,
				27160A4628E57862008739C3 /* Sources */,
				27160A4728E57862008739C3 /* Frameworks */,
				27160A4828E57862008739C3 /* Resources */,
				14A6CF3E99FFCF3DCFD2B121 /* [CP] Embed Pods Frameworks */,
			);
			buildRules = (
			);
			dependencies = (
				27160A4C28E57862008739C3 /* PBXTargetDependency */,
			);
			name = SCVideoUITests;
			productName = SavinjskaVideoUITests;
			productReference = 27160A4A28E57862008739C3 /* SCVideoUITests.xctest */;
			productType = "com.apple.product-type.bundle.ui-testing";
		};
/* End PBXNativeTarget section */

/* Begin PBXProject section */
		27160A2128E57860008739C3 /* Project object */ = {
			isa = PBXProject;
			attributes = {
				LastSwiftUpdateCheck = 1240;
				LastUpgradeCheck = 1240;
				TargetAttributes = {
					27160A2828E57860008739C3 = {
						CreatedOnToolsVersion = 12.4;
						LastSwiftMigration = 1240;
					};
					27160A3E28E57862008739C3 = {
						CreatedOnToolsVersion = 12.4;
						TestTargetID = 27160A2828E57860008739C3;
					};
					27160A4928E57862008739C3 = {
						CreatedOnToolsVersion = 12.4;
						TestTargetID = 27160A2828E57860008739C3;
					};
				};
			};
			buildConfigurationList = 27160A2428E57860008739C3 /* Build configuration list for PBXProject "SCVideo" */;
			compatibilityVersion = "Xcode 9.3";
			developmentRegion = en;
			hasScannedForEncodings = 0;
			knownRegions = (
				en,
				Base,
			);
			mainGroup = 27160A2028E57860008739C3;
			productRefGroup = 27160A2A28E57860008739C3 /* Products */;
			projectDirPath = "";
			projectRoot = "";
			targets = (
				27160A2828E57860008739C3 /* SCVideo */,
				27160A3E28E57862008739C3 /* SCVideoTests */,
				27160A4928E57862008739C3 /* SCVideoUITests */,
			);
		};
/* End PBXProject section */

/* Begin PBXResourcesBuildPhase section */
		27160A2728E57860008739C3 /* Resources */ = {
			isa = PBXResourcesBuildPhase;
			buildActionMask = 2147483647;
			files = (
				27BBA0BE29A6A17E004CB7BD /* NunitoSans-ExtraLightItalic.ttf in Resources */,
				2701A1B529AB5F5900FEA390 /* PostDetails.xib in Resources */,
				27BBA0C529A6A17E004CB7BD /* NunitoSans-LightItalic.ttf in Resources */,
				272521B029ABC0AB00219572 /* PostControls.xib in Resources */,
				27BBA0C329A6A17E004CB7BD /* NunitoSans-BlackItalic.ttf in Resources */,
				27160A6B28E57942008739C3 /* Main.storyboard in Resources */,
				27BBA0C729A6A17E004CB7BD /* NunitoSans-ExtraBoldItalic.ttf in Resources */,
				27BBA0C129A6A17E004CB7BD /* NunitoSans-SemiBoldItalic.ttf in Resources */,
				27A6150F2913079C0017FC87 /* WarningAlert.xib in Resources */,
				27BBA0C829A6A17E004CB7BD /* NunitoSans-SemiBold.ttf in Resources */,
				27BBA0C429A6A17E004CB7BD /* NunitoSans-Regular.ttf in Resources */,
				271DAF76290AFE5900E7346B /* PostCell.xib in Resources */,
				27BBA0AB29A6A150004CB7BD /* VarelaRound-Regular.ttf in Resources */,
				27BBA0C029A6A17E004CB7BD /* NunitoSans-Light.ttf in Resources */,
				27BBA0CA29A6A17E004CB7BD /* NunitoSans-Italic.ttf in Resources */,
				276EB4DE291039CA00CB6C77 /* UserCell.xib in Resources */,
				27BBA0BD29A6A17E004CB7BD /* NunitoSans-ExtraBold.ttf in Resources */,
				27BBA0BF29A6A17E004CB7BD /* NunitoSans-Black.ttf in Resources */,
				27BBA0C629A6A17E004CB7BD /* NunitoSans-BoldItalic.ttf in Resources */,
				27160A3928E57862008739C3 /* LaunchScreen.storyboard in Resources */,
				27160A3628E57862008739C3 /* Assets.xcassets in Resources */,
				27BBA0C929A6A17E004CB7BD /* NunitoSans-ExtraLight.ttf in Resources */,
				2728656C29C99409002F747A /* Settings.bundle in Resources */,
				27BBA0C229A6A17E004CB7BD /* NunitoSans-Bold.ttf in Resources */,
				271DAF83290C742300E7346B /* CommentCell.xib in Resources */,
			);
			runOnlyForDeploymentPostprocessing = 0;
		};
		27160A3D28E57862008739C3 /* Resources */ = {
			isa = PBXResourcesBuildPhase;
			buildActionMask = 2147483647;
			files = (
			);
			runOnlyForDeploymentPostprocessing = 0;
		};
		27160A4828E57862008739C3 /* Resources */ = {
			isa = PBXResourcesBuildPhase;
			buildActionMask = 2147483647;
			files = (
			);
			runOnlyForDeploymentPostprocessing = 0;
		};
/* End PBXResourcesBuildPhase section */

/* Begin PBXShellScriptBuildPhase section */
		14A6CF3E99FFCF3DCFD2B121 /* [CP] Embed Pods Frameworks */ = {
			isa = PBXShellScriptBuildPhase;
			buildActionMask = 2147483647;
			files = (
			);
			inputFileListPaths = (
				"${PODS_ROOT}/Target Support Files/Pods-SCVideo-SCVideoUITests/Pods-SCVideo-SCVideoUITests-frameworks-${CONFIGURATION}-input-files.xcfilelist",
			);
			name = "[CP] Embed Pods Frameworks";
			outputFileListPaths = (
				"${PODS_ROOT}/Target Support Files/Pods-SCVideo-SCVideoUITests/Pods-SCVideo-SCVideoUITests-frameworks-${CONFIGURATION}-output-files.xcfilelist",
			);
			runOnlyForDeploymentPostprocessing = 0;
			shellPath = /bin/sh;
			shellScript = "\"${PODS_ROOT}/Target Support Files/Pods-SCVideo-SCVideoUITests/Pods-SCVideo-SCVideoUITests-frameworks.sh\"\n";
			showEnvVarsInLog = 0;
		};
		8D1B1381428157E0683795F9 /* [CP] Check Pods Manifest.lock */ = {
			isa = PBXShellScriptBuildPhase;
			buildActionMask = 2147483647;
			files = (
			);
			inputFileListPaths = (
			);
			inputPaths = (
				"${PODS_PODFILE_DIR_PATH}/Podfile.lock",
				"${PODS_ROOT}/Manifest.lock",
			);
			name = "[CP] Check Pods Manifest.lock";
			outputFileListPaths = (
			);
			outputPaths = (
				"$(DERIVED_FILE_DIR)/Pods-SCVideo-checkManifestLockResult.txt",
			);
			runOnlyForDeploymentPostprocessing = 0;
			shellPath = /bin/sh;
			shellScript = "diff \"${PODS_PODFILE_DIR_PATH}/Podfile.lock\" \"${PODS_ROOT}/Manifest.lock\" > /dev/null\nif [ $? != 0 ] ; then\n    # print error to STDERR\n    echo \"error: The sandbox is not in sync with the Podfile.lock. Run 'pod install' or update your CocoaPods installation.\" >&2\n    exit 1\nfi\n# This output is used by Xcode 'outputs' to avoid re-running this script phase.\necho \"SUCCESS\" > \"${SCRIPT_OUTPUT_FILE_0}\"\n";
			showEnvVarsInLog = 0;
		};
		BE2BDC37BC2797159C03A6CD /* [CP] Embed Pods Frameworks */ = {
			isa = PBXShellScriptBuildPhase;
			buildActionMask = 2147483647;
			files = (
			);
			inputFileListPaths = (
				"${PODS_ROOT}/Target Support Files/Pods-SCVideo/Pods-SCVideo-frameworks-${CONFIGURATION}-input-files.xcfilelist",
			);
			name = "[CP] Embed Pods Frameworks";
			outputFileListPaths = (
				"${PODS_ROOT}/Target Support Files/Pods-SCVideo/Pods-SCVideo-frameworks-${CONFIGURATION}-output-files.xcfilelist",
			);
			runOnlyForDeploymentPostprocessing = 0;
			shellPath = /bin/sh;
			shellScript = "\"${PODS_ROOT}/Target Support Files/Pods-SCVideo/Pods-SCVideo-frameworks.sh\"\n";
			showEnvVarsInLog = 0;
		};
		D56207113E75D3C2B1D4BE74 /* [CP] Check Pods Manifest.lock */ = {
			isa = PBXShellScriptBuildPhase;
			buildActionMask = 2147483647;
			files = (
			);
			inputFileListPaths = (
			);
			inputPaths = (
				"${PODS_PODFILE_DIR_PATH}/Podfile.lock",
				"${PODS_ROOT}/Manifest.lock",
			);
			name = "[CP] Check Pods Manifest.lock";
			outputFileListPaths = (
			);
			outputPaths = (
				"$(DERIVED_FILE_DIR)/Pods-SCVideoTests-checkManifestLockResult.txt",
			);
			runOnlyForDeploymentPostprocessing = 0;
			shellPath = /bin/sh;
			shellScript = "diff \"${PODS_PODFILE_DIR_PATH}/Podfile.lock\" \"${PODS_ROOT}/Manifest.lock\" > /dev/null\nif [ $? != 0 ] ; then\n    # print error to STDERR\n    echo \"error: The sandbox is not in sync with the Podfile.lock. Run 'pod install' or update your CocoaPods installation.\" >&2\n    exit 1\nfi\n# This output is used by Xcode 'outputs' to avoid re-running this script phase.\necho \"SUCCESS\" > \"${SCRIPT_OUTPUT_FILE_0}\"\n";
			showEnvVarsInLog = 0;
		};
		E510104C1F9DF1986874C66C /* [CP] Check Pods Manifest.lock */ = {
			isa = PBXShellScriptBuildPhase;
			buildActionMask = 2147483647;
			files = (
			);
			inputFileListPaths = (
			);
			inputPaths = (
				"${PODS_PODFILE_DIR_PATH}/Podfile.lock",
				"${PODS_ROOT}/Manifest.lock",
			);
			name = "[CP] Check Pods Manifest.lock";
			outputFileListPaths = (
			);
			outputPaths = (
				"$(DERIVED_FILE_DIR)/Pods-SCVideo-SCVideoUITests-checkManifestLockResult.txt",
			);
			runOnlyForDeploymentPostprocessing = 0;
			shellPath = /bin/sh;
			shellScript = "diff \"${PODS_PODFILE_DIR_PATH}/Podfile.lock\" \"${PODS_ROOT}/Manifest.lock\" > /dev/null\nif [ $? != 0 ] ; then\n    # print error to STDERR\n    echo \"error: The sandbox is not in sync with the Podfile.lock. Run 'pod install' or update your CocoaPods installation.\" >&2\n    exit 1\nfi\n# This output is used by Xcode 'outputs' to avoid re-running this script phase.\necho \"SUCCESS\" > \"${SCRIPT_OUTPUT_FILE_0}\"\n";
			showEnvVarsInLog = 0;
		};
/* End PBXShellScriptBuildPhase section */

/* Begin PBXSourcesBuildPhase section */
		27160A2528E57860008739C3 /* Sources */ = {
			isa = PBXSourcesBuildPhase;
			buildActionMask = 2147483647;
			files = (
				27160A8F28E5B17D008739C3 /* RegisterController.swift in Sources */,
				274092AD29CE263E00B4800F /* AuthManager.swift in Sources */,
				276EB4B4290FB20100CB6C77 /* UserProfileViewController.swift in Sources */,
				27A61507291159BA0017FC87 /* PostLogic.swift in Sources */,
				27A6150229114CCB0017FC87 /* RecordViewController.swift in Sources */,
				27750DA1290822D7005FA599 /* UploadViewController.swift in Sources */,
				271CAAD729B67C8400BA9242 /* EZSwipeController.swift in Sources */,
				2701A1BF29AB5F9D00FEA390 /* PostControlsView.swift in Sources */,
				276EB4AF290FB1E200CB6C77 /* MyAccountViewController.swift in Sources */,
				272F0F5928F6A0A300D6A943 /* LoginLogic.swift in Sources */,
				2710580D2927F8C20002F66E /* UserLogic.swift in Sources */,
				271DAFAF290D0BBF00E7346B /* CommentsViewController.swift in Sources */,
				27BDB1FD2904643B0034E1CD /* RegistrationLogic.swift in Sources */,
				272F0F4E28F69FB800D6A943 /* DataModels.swift in Sources */,
				271DAF82290C742300E7346B /* CommentCell.swift in Sources */,
				27160A7028E5797F008739C3 /* LoginController.swift in Sources */,
				27750DA6290822DD005FA599 /* FriendsViewController.swift in Sources */,
				2728657129C994B1002F747A /* SettingsHelper.swift in Sources */,
				271DAF75290AFE5900E7346B /* PostCell.swift in Sources */,
				2778006129CCF06C00BC8ACD /* KeychainHelper.swift in Sources */,
				2701A1A629AB5E6E00FEA390 /* GradientNode.m in Sources */,
				27C79C2F29103E72006FDBC3 /* FriendsLogic.swift in Sources */,
				27A6150E2913079C0017FC87 /* WarningAlert.swift in Sources */,
				27160A2D28E57860008739C3 /* AppDelegate.swift in Sources */,
				2789E79429B91C04004004DF /* PostProtocols.swift in Sources */,
				27160A2F28E57860008739C3 /* SceneDelegate.swift in Sources */,
				2701A1A029AB547500FEA390 /* FeedViewController.swift in Sources */,
				2701A1B329AB5F5900FEA390 /* PostDetails.swift in Sources */,
				27750DC6290A9DEF005FA599 /* FeedLogic.swift in Sources */,
				1BCE049F72991AE7A0BE8F9B /* CommonExtensions.swift in Sources */,
				276EB4DD291039CA00CB6C77 /* UserCell.swift in Sources */,
				1BCE0C6615D23387560DB363 /* CommentsLogic.swift in Sources */,
				27673F1329D18E50009DB796 /* MSALHelper.swift in Sources */,
				271CAAD229B67C3D00BA9242 /* MainSwipeNavigationViewController.swift in Sources */,
				2701A19829AB4D4800FEA390 /* PostNode.swift in Sources */,
				276B382429AA9519005F51E7 /* VideoCompositionWriter.swift in Sources */,
			);
			runOnlyForDeploymentPostprocessing = 0;
		};
		27160A3B28E57862008739C3 /* Sources */ = {
			isa = PBXSourcesBuildPhase;
			buildActionMask = 2147483647;
			files = (
				27160A4428E57862008739C3 /* SavinjskaVideoTests.swift in Sources */,
			);
			runOnlyForDeploymentPostprocessing = 0;
		};
		27160A4628E57862008739C3 /* Sources */ = {
			isa = PBXSourcesBuildPhase;
			buildActionMask = 2147483647;
			files = (
				27160A4F28E57862008739C3 /* SavinjskaVideoUITests.swift in Sources */,
			);
			runOnlyForDeploymentPostprocessing = 0;
		};
/* End PBXSourcesBuildPhase section */

/* Begin PBXTargetDependency section */
		27160A4128E57862008739C3 /* PBXTargetDependency */ = {
			isa = PBXTargetDependency;
			target = 27160A2828E57860008739C3 /* SCVideo */;
			targetProxy = 27160A4028E57862008739C3 /* PBXContainerItemProxy */;
		};
		27160A4C28E57862008739C3 /* PBXTargetDependency */ = {
			isa = PBXTargetDependency;
			target = 27160A2828E57860008739C3 /* SCVideo */;
			targetProxy = 27160A4B28E57862008739C3 /* PBXContainerItemProxy */;
		};
/* End PBXTargetDependency section */

/* Begin PBXVariantGroup section */
		27160A3728E57862008739C3 /* LaunchScreen.storyboard */ = {
			isa = PBXVariantGroup;
			children = (
				27160A3828E57862008739C3 /* Base */,
			);
			name = LaunchScreen.storyboard;
			sourceTree = "<group>";
		};
/* End PBXVariantGroup section */

/* Begin XCBuildConfiguration section */
		27160A5128E57862008739C3 /* Debug */ = {
			isa = XCBuildConfiguration;
			baseConfigurationReference = 27673F1729D19058009DB796 /* Keys.xcconfig */;
			buildSettings = {
				ALWAYS_SEARCH_USER_PATHS = NO;
				CLANG_ANALYZER_NONNULL = YES;
				CLANG_ANALYZER_NUMBER_OBJECT_CONVERSION = YES_AGGRESSIVE;
				CLANG_CXX_LANGUAGE_STANDARD = "gnu++14";
				CLANG_CXX_LIBRARY = "libc++";
				CLANG_ENABLE_MODULES = YES;
				CLANG_ENABLE_OBJC_ARC = YES;
				CLANG_ENABLE_OBJC_WEAK = YES;
				CLANG_WARN_BLOCK_CAPTURE_AUTORELEASING = YES;
				CLANG_WARN_BOOL_CONVERSION = YES;
				CLANG_WARN_COMMA = YES;
				CLANG_WARN_CONSTANT_CONVERSION = YES;
				CLANG_WARN_DEPRECATED_OBJC_IMPLEMENTATIONS = YES;
				CLANG_WARN_DIRECT_OBJC_ISA_USAGE = YES_ERROR;
				CLANG_WARN_DOCUMENTATION_COMMENTS = YES;
				CLANG_WARN_EMPTY_BODY = YES;
				CLANG_WARN_ENUM_CONVERSION = YES;
				CLANG_WARN_INFINITE_RECURSION = YES;
				CLANG_WARN_INT_CONVERSION = YES;
				CLANG_WARN_NON_LITERAL_NULL_CONVERSION = YES;
				CLANG_WARN_OBJC_IMPLICIT_RETAIN_SELF = YES;
				CLANG_WARN_OBJC_LITERAL_CONVERSION = YES;
				CLANG_WARN_OBJC_ROOT_CLASS = YES_ERROR;
				CLANG_WARN_QUOTED_INCLUDE_IN_FRAMEWORK_HEADER = YES;
				CLANG_WARN_RANGE_LOOP_ANALYSIS = YES;
				CLANG_WARN_STRICT_PROTOTYPES = YES;
				CLANG_WARN_SUSPICIOUS_MOVE = YES;
				CLANG_WARN_UNGUARDED_AVAILABILITY = YES_AGGRESSIVE;
				CLANG_WARN_UNREACHABLE_CODE = YES;
				CLANG_WARN__DUPLICATE_METHOD_MATCH = YES;
				COPY_PHASE_STRIP = NO;
				DEBUG_INFORMATION_FORMAT = dwarf;
				ENABLE_STRICT_OBJC_MSGSEND = YES;
				ENABLE_TESTABILITY = YES;
				GCC_C_LANGUAGE_STANDARD = gnu11;
				GCC_DYNAMIC_NO_PIC = NO;
				GCC_NO_COMMON_BLOCKS = YES;
				GCC_OPTIMIZATION_LEVEL = 0;
				GCC_PREPROCESSOR_DEFINITIONS = (
					"DEBUG=1",
					"$(inherited)",
				);
				GCC_WARN_64_TO_32_BIT_CONVERSION = YES;
				GCC_WARN_ABOUT_RETURN_TYPE = YES_ERROR;
				GCC_WARN_UNDECLARED_SELECTOR = YES;
				GCC_WARN_UNINITIALIZED_AUTOS = YES_AGGRESSIVE;
				GCC_WARN_UNUSED_FUNCTION = YES;
				GCC_WARN_UNUSED_VARIABLE = YES;
				IPHONEOS_DEPLOYMENT_TARGET = 14.4;
				MTL_ENABLE_DEBUG_INFO = INCLUDE_SOURCE;
				MTL_FAST_MATH = YES;
				ONLY_ACTIVE_ARCH = YES;
				SDKROOT = iphoneos;
				SWIFT_ACTIVE_COMPILATION_CONDITIONS = DEBUG;
				SWIFT_OPTIMIZATION_LEVEL = "-Onone";
			};
			name = Debug;
		};
		27160A5228E57862008739C3 /* Release */ = {
			isa = XCBuildConfiguration;
			baseConfigurationReference = 27673F1729D19058009DB796 /* Keys.xcconfig */;
			buildSettings = {
				ALWAYS_SEARCH_USER_PATHS = NO;
				CLANG_ANALYZER_NONNULL = YES;
				CLANG_ANALYZER_NUMBER_OBJECT_CONVERSION = YES_AGGRESSIVE;
				CLANG_CXX_LANGUAGE_STANDARD = "gnu++14";
				CLANG_CXX_LIBRARY = "libc++";
				CLANG_ENABLE_MODULES = YES;
				CLANG_ENABLE_OBJC_ARC = YES;
				CLANG_ENABLE_OBJC_WEAK = YES;
				CLANG_WARN_BLOCK_CAPTURE_AUTORELEASING = YES;
				CLANG_WARN_BOOL_CONVERSION = YES;
				CLANG_WARN_COMMA = YES;
				CLANG_WARN_CONSTANT_CONVERSION = YES;
				CLANG_WARN_DEPRECATED_OBJC_IMPLEMENTATIONS = YES;
				CLANG_WARN_DIRECT_OBJC_ISA_USAGE = YES_ERROR;
				CLANG_WARN_DOCUMENTATION_COMMENTS = YES;
				CLANG_WARN_EMPTY_BODY = YES;
				CLANG_WARN_ENUM_CONVERSION = YES;
				CLANG_WARN_INFINITE_RECURSION = YES;
				CLANG_WARN_INT_CONVERSION = YES;
				CLANG_WARN_NON_LITERAL_NULL_CONVERSION = YES;
				CLANG_WARN_OBJC_IMPLICIT_RETAIN_SELF = YES;
				CLANG_WARN_OBJC_LITERAL_CONVERSION = YES;
				CLANG_WARN_OBJC_ROOT_CLASS = YES_ERROR;
				CLANG_WARN_QUOTED_INCLUDE_IN_FRAMEWORK_HEADER = YES;
				CLANG_WARN_RANGE_LOOP_ANALYSIS = YES;
				CLANG_WARN_STRICT_PROTOTYPES = YES;
				CLANG_WARN_SUSPICIOUS_MOVE = YES;
				CLANG_WARN_UNGUARDED_AVAILABILITY = YES_AGGRESSIVE;
				CLANG_WARN_UNREACHABLE_CODE = YES;
				CLANG_WARN__DUPLICATE_METHOD_MATCH = YES;
				COPY_PHASE_STRIP = NO;
				DEBUG_INFORMATION_FORMAT = "dwarf-with-dsym";
				ENABLE_NS_ASSERTIONS = NO;
				ENABLE_STRICT_OBJC_MSGSEND = YES;
				GCC_C_LANGUAGE_STANDARD = gnu11;
				GCC_NO_COMMON_BLOCKS = YES;
				GCC_WARN_64_TO_32_BIT_CONVERSION = YES;
				GCC_WARN_ABOUT_RETURN_TYPE = YES_ERROR;
				GCC_WARN_UNDECLARED_SELECTOR = YES;
				GCC_WARN_UNINITIALIZED_AUTOS = YES_AGGRESSIVE;
				GCC_WARN_UNUSED_FUNCTION = YES;
				GCC_WARN_UNUSED_VARIABLE = YES;
				IPHONEOS_DEPLOYMENT_TARGET = 14.4;
				MTL_ENABLE_DEBUG_INFO = NO;
				MTL_FAST_MATH = YES;
				SDKROOT = iphoneos;
				SWIFT_COMPILATION_MODE = wholemodule;
				SWIFT_OPTIMIZATION_LEVEL = "-O";
				VALIDATE_PRODUCT = YES;
			};
			name = Release;
		};
		27160A5428E57862008739C3 /* Debug */ = {
			isa = XCBuildConfiguration;
			baseConfigurationReference = E06B14E7D3AE924A60F1C62D /* Pods-SCVideo.debug.xcconfig */;
			buildSettings = {
				ASSETCATALOG_COMPILER_APPICON_NAME = AppIcon;
				ASSETCATALOG_COMPILER_GLOBAL_ACCENT_COLOR_NAME = AccentColor;
				CLANG_ENABLE_MODULES = YES;
				CODE_SIGN_ENTITLEMENTS = SCVideo/SCVideo.entitlements;
				CODE_SIGN_STYLE = Automatic;
				DEVELOPMENT_TEAM = 6H7ZBTZ9NS;
				INFOPLIST_FILE = SCVideo/Info.plist;
				LD_RUNPATH_SEARCH_PATHS = (
					"$(inherited)",
					"@executable_path/Frameworks",
				);
				PRODUCT_BUNDLE_IDENTIFIER = si.scv.SCVideo;
				PRODUCT_NAME = "$(TARGET_NAME)";
				SUPPORTED_PLATFORMS = "iphoneos iphonesimulator";
				SUPPORTS_MACCATALYST = NO;
				SUPPORTS_MAC_DESIGNED_FOR_IPHONE_IPAD = NO;
				SWIFT_OBJC_BRIDGING_HEADER = "SCVideo/Utilities/SCVideo-Bridging-Header.h";
				SWIFT_OPTIMIZATION_LEVEL = "-Onone";
				SWIFT_VERSION = 5.0;
				TARGETED_DEVICE_FAMILY = 1;
			};
			name = Debug;
		};
		27160A5528E57862008739C3 /* Release */ = {
			isa = XCBuildConfiguration;
			baseConfigurationReference = D824D3D7976B044BB3B38BA8 /* Pods-SCVideo.release.xcconfig */;
			buildSettings = {
				ASSETCATALOG_COMPILER_APPICON_NAME = AppIcon;
				ASSETCATALOG_COMPILER_GLOBAL_ACCENT_COLOR_NAME = AccentColor;
				CLANG_ENABLE_MODULES = YES;
				CODE_SIGN_ENTITLEMENTS = SCVideo/SCVideo.entitlements;
				CODE_SIGN_STYLE = Automatic;
				DEVELOPMENT_TEAM = 6H7ZBTZ9NS;
				INFOPLIST_FILE = SCVideo/Info.plist;
				LD_RUNPATH_SEARCH_PATHS = (
					"$(inherited)",
					"@executable_path/Frameworks",
				);
				PRODUCT_BUNDLE_IDENTIFIER = si.scv.SCVideo;
				PRODUCT_NAME = "$(TARGET_NAME)";
				SUPPORTED_PLATFORMS = "iphoneos iphonesimulator";
				SUPPORTS_MACCATALYST = NO;
				SUPPORTS_MAC_DESIGNED_FOR_IPHONE_IPAD = NO;
				SWIFT_OBJC_BRIDGING_HEADER = "SCVideo/Utilities/SCVideo-Bridging-Header.h";
				SWIFT_VERSION = 5.0;
				TARGETED_DEVICE_FAMILY = 1;
			};
			name = Release;
		};
		27160A5728E57862008739C3 /* Debug */ = {
			isa = XCBuildConfiguration;
			baseConfigurationReference = ADF8E4DFFB3F540A16E6C1CA /* Pods-SCVideoTests.debug.xcconfig */;
			buildSettings = {
				ALWAYS_EMBED_SWIFT_STANDARD_LIBRARIES = YES;
				BUNDLE_LOADER = "$(TEST_HOST)";
				CODE_SIGN_STYLE = Automatic;
				INFOPLIST_FILE = SavinjskaVideoTests/Info.plist;
				IPHONEOS_DEPLOYMENT_TARGET = 14.4;
				LD_RUNPATH_SEARCH_PATHS = (
					"$(inherited)",
					"@executable_path/Frameworks",
					"@loader_path/Frameworks",
				);
				PRODUCT_BUNDLE_IDENTIFIER = "eu.tobija-zuntar.SavinjskaVideoTests";
				PRODUCT_NAME = "$(TARGET_NAME)";
				SUPPORTED_PLATFORMS = "iphoneos iphonesimulator";
				SUPPORTS_MACCATALYST = NO;
				SUPPORTS_MAC_DESIGNED_FOR_IPHONE_IPAD = NO;
				SWIFT_VERSION = 5.0;
				TARGETED_DEVICE_FAMILY = 1;
				TEST_HOST = "$(BUILT_PRODUCTS_DIR)/SCVideo.app/SCVideo";
			};
			name = Debug;
		};
		27160A5828E57862008739C3 /* Release */ = {
			isa = XCBuildConfiguration;
			baseConfigurationReference = C9C209341ECFF7F4DAC2B808 /* Pods-SCVideoTests.release.xcconfig */;
			buildSettings = {
				ALWAYS_EMBED_SWIFT_STANDARD_LIBRARIES = YES;
				BUNDLE_LOADER = "$(TEST_HOST)";
				CODE_SIGN_STYLE = Automatic;
				INFOPLIST_FILE = SavinjskaVideoTests/Info.plist;
				IPHONEOS_DEPLOYMENT_TARGET = 14.4;
				LD_RUNPATH_SEARCH_PATHS = (
					"$(inherited)",
					"@executable_path/Frameworks",
					"@loader_path/Frameworks",
				);
				PRODUCT_BUNDLE_IDENTIFIER = "eu.tobija-zuntar.SavinjskaVideoTests";
				PRODUCT_NAME = "$(TARGET_NAME)";
				SUPPORTED_PLATFORMS = "iphoneos iphonesimulator";
				SUPPORTS_MACCATALYST = NO;
				SUPPORTS_MAC_DESIGNED_FOR_IPHONE_IPAD = NO;
				SWIFT_VERSION = 5.0;
				TARGETED_DEVICE_FAMILY = 1;
				TEST_HOST = "$(BUILT_PRODUCTS_DIR)/SCVideo.app/SCVideo";
			};
			name = Release;
		};
		27160A5A28E57862008739C3 /* Debug */ = {
			isa = XCBuildConfiguration;
			baseConfigurationReference = 063B2C28337D2B208087EF5B /* Pods-SCVideo-SCVideoUITests.debug.xcconfig */;
			buildSettings = {
				ALWAYS_EMBED_SWIFT_STANDARD_LIBRARIES = YES;
				CODE_SIGN_STYLE = Automatic;
				INFOPLIST_FILE = SavinjskaVideoUITests/Info.plist;
				LD_RUNPATH_SEARCH_PATHS = (
					"$(inherited)",
					"@executable_path/Frameworks",
					"@loader_path/Frameworks",
				);
				PRODUCT_BUNDLE_IDENTIFIER = "eu.tobija-zuntar.SavinjskaVideoUITests";
				PRODUCT_NAME = "$(TARGET_NAME)";
				SUPPORTED_PLATFORMS = "iphoneos iphonesimulator";
				SUPPORTS_MACCATALYST = NO;
				SUPPORTS_MAC_DESIGNED_FOR_IPHONE_IPAD = NO;
				SWIFT_VERSION = 5.0;
				TARGETED_DEVICE_FAMILY = 1;
				TEST_TARGET_NAME = SavinjskaVideo;
			};
			name = Debug;
		};
		27160A5B28E57862008739C3 /* Release */ = {
			isa = XCBuildConfiguration;
			baseConfigurationReference = 26D066E3E72BEECB68158CF6 /* Pods-SCVideo-SCVideoUITests.release.xcconfig */;
			buildSettings = {
				ALWAYS_EMBED_SWIFT_STANDARD_LIBRARIES = YES;
				CODE_SIGN_STYLE = Automatic;
				INFOPLIST_FILE = SavinjskaVideoUITests/Info.plist;
				LD_RUNPATH_SEARCH_PATHS = (
					"$(inherited)",
					"@executable_path/Frameworks",
					"@loader_path/Frameworks",
				);
				PRODUCT_BUNDLE_IDENTIFIER = "eu.tobija-zuntar.SavinjskaVideoUITests";
				PRODUCT_NAME = "$(TARGET_NAME)";
				SUPPORTED_PLATFORMS = "iphoneos iphonesimulator";
				SUPPORTS_MACCATALYST = NO;
				SUPPORTS_MAC_DESIGNED_FOR_IPHONE_IPAD = NO;
				SWIFT_VERSION = 5.0;
				TARGETED_DEVICE_FAMILY = 1;
				TEST_TARGET_NAME = SavinjskaVideo;
			};
			name = Release;
		};
/* End XCBuildConfiguration section */

/* Begin XCConfigurationList section */
		27160A2428E57860008739C3 /* Build configuration list for PBXProject "SCVideo" */ = {
			isa = XCConfigurationList;
			buildConfigurations = (
				27160A5128E57862008739C3 /* Debug */,
				27160A5228E57862008739C3 /* Release */,
			);
			defaultConfigurationIsVisible = 0;
			defaultConfigurationName = Release;
		};
		27160A5328E57862008739C3 /* Build configuration list for PBXNativeTarget "SCVideo" */ = {
			isa = XCConfigurationList;
			buildConfigurations = (
				27160A5428E57862008739C3 /* Debug */,
				27160A5528E57862008739C3 /* Release */,
			);
			defaultConfigurationIsVisible = 0;
			defaultConfigurationName = Release;
		};
		27160A5628E57862008739C3 /* Build configuration list for PBXNativeTarget "SCVideoTests" */ = {
			isa = XCConfigurationList;
			buildConfigurations = (
				27160A5728E57862008739C3 /* Debug */,
				27160A5828E57862008739C3 /* Release */,
			);
			defaultConfigurationIsVisible = 0;
			defaultConfigurationName = Release;
		};
		27160A5928E57862008739C3 /* Build configuration list for PBXNativeTarget "SCVideoUITests" */ = {
			isa = XCConfigurationList;
			buildConfigurations = (
				27160A5A28E57862008739C3 /* Debug */,
				27160A5B28E57862008739C3 /* Release */,
			);
			defaultConfigurationIsVisible = 0;
			defaultConfigurationName = Release;
		};
/* End XCConfigurationList section */
	};
	rootObject = 27160A2128E57860008739C3 /* Project object */;
}
